
Microsoft Visual Studio Solution File, Format Version 12.00
# Visual Studio 14
VisualStudioVersion = 14.0.25123.0
MinimumVisualStudioVersion = 10.0.40219.1
Project("{FAE04EC0-301F-11D3-BF4B-00C04F79EFBC}") = "StudentPortalApp.Core", "StudentPortalApp.Core\StudentPortalApp.Core.csproj", "{8C63053F-D664-4578-B8A2-95C885E58725}"
EndProject
Project("{2150E333-8FDC-42A3-9474-1A3956D46DE8}") = "0. Core", "0. Core", "{91CD889C-DACC-44FF-93B1-DD0011933689}"
EndProject
Project("{2150E333-8FDC-42A3-9474-1A3956D46DE8}") = "2. Platforms", "2. Platforms", "{710678C7-9B52-4FDE-83DF-DD43783EB090}"
EndProject
Project("{2150E333-8FDC-42A3-9474-1A3956D46DE8}") = "1. Unit Tests", "1. Unit Tests", "{401DF19B-BF28-41C2-9704-E4089D390C2E}"
EndProject
Project("{2150E333-8FDC-42A3-9474-1A3956D46DE8}") = "3. Integration Tests", "3. Integration Tests", "{48812784-D7BC-4F2B-925B-85946476F2C7}"
EndProject
Project("{2150E333-8FDC-42A3-9474-1A3956D46DE8}") = "4. UI Tests", "4. UI Tests", "{8F454B45-DA1E-4D11-ACDF-487560F5F218}"
EndProject
Project("{FAE04EC0-301F-11D3-BF4B-00C04F79EFBC}") = "StudentPortalApp.Droid", "StudentPortalApp.Droid\StudentPortalApp.Droid.csproj", "{2111650B-797C-4D49-9542-0DF6370C9DE2}"
EndProject
Project("{FAE04EC0-301F-11D3-BF4B-00C04F79EFBC}") = "StudentPortalApp.Ios", "StudentPortalApp.Ios\StudentPortalApp.Ios.csproj", "{C560C9C8-7628-496F-8226-0E6B5C5EA307}"
EndProject
Project("{FAE04EC0-301F-11D3-BF4B-00C04F79EFBC}") = "StudentPortalApp.Ios.Tests", "StudentPortalApp.Ios.Tests\StudentPortalApp.Ios.Tests.csproj", "{8698DF22-C3F2-46EE-86A7-7F9B801C4A08}"
EndProject
Project("{FAE04EC0-301F-11D3-BF4B-00C04F79EFBC}") = "StudentPortalApp.Droid.Tests", "StudentPortalApp.Droid.Tests\StudentPortalApp.Droid.Tests.csproj", "{D3685387-04A5-43AD-B692-13CDF705AA25}"
EndProject
Project("{FAE04EC0-301F-11D3-BF4B-00C04F79EFBC}") = "StudentPortalApp.Droid.UITest", "StudentPortalApp.Droid.UITest\StudentPortalApp.Droid.UITest.csproj", "{B0B9BB68-7B43-49DC-A5FD-69179A4ADB77}"
EndProject
Project("{FAE04EC0-301F-11D3-BF4B-00C04F79EFBC}") = "StudentPortalApp.Ios.UITest", "StudentPortalApp.Ios.UITest\StudentPortalApp.Ios.UITest.csproj", "{CD401694-5A2D-457D-99AD-A7CE0CBB739D}"
EndProject
Project("{FAE04EC0-301F-11D3-BF4B-00C04F79EFBC}") = "StudentPortalApp.Core.Test", "StudentPortalApp.Core.Test\StudentPortalApp.Core.Test.csproj", "{5107A9BF-C2E5-417B-99CA-CBAFECADE323}"
EndProject
Global
	GlobalSection(SolutionConfigurationPlatforms) = preSolution
		Ad-Hoc|Any CPU = Ad-Hoc|Any CPU
		Ad-Hoc|iPhone = Ad-Hoc|iPhone
		Ad-Hoc|iPhoneSimulator = Ad-Hoc|iPhoneSimulator
		AppStore|Any CPU = AppStore|Any CPU
		AppStore|iPhone = AppStore|iPhone
		AppStore|iPhoneSimulator = AppStore|iPhoneSimulator
		Debug|Any CPU = Debug|Any CPU
		Debug|iPhone = Debug|iPhone
		Debug|iPhoneSimulator = Debug|iPhoneSimulator
		Release|Any CPU = Release|Any CPU
		Release|iPhone = Release|iPhone
		Release|iPhoneSimulator = Release|iPhoneSimulator
	EndGlobalSection
	GlobalSection(ProjectConfigurationPlatforms) = postSolution
		{8C63053F-D664-4578-B8A2-95C885E58725}.Ad-Hoc|Any CPU.ActiveCfg = Release|Any CPU
		{8C63053F-D664-4578-B8A2-95C885E58725}.Ad-Hoc|Any CPU.Build.0 = Release|Any CPU
		{8C63053F-D664-4578-B8A2-95C885E58725}.Ad-Hoc|iPhone.ActiveCfg = Release|Any CPU
		{8C63053F-D664-4578-B8A2-95C885E58725}.Ad-Hoc|iPhone.Build.0 = Release|Any CPU
		{8C63053F-D664-4578-B8A2-95C885E58725}.Ad-Hoc|iPhoneSimulator.ActiveCfg = Release|Any CPU
		{8C63053F-D664-4578-B8A2-95C885E58725}.Ad-Hoc|iPhoneSimulator.Build.0 = Release|Any CPU
		{8C63053F-D664-4578-B8A2-95C885E58725}.AppStore|Any CPU.ActiveCfg = Release|Any CPU
		{8C63053F-D664-4578-B8A2-95C885E58725}.AppStore|Any CPU.Build.0 = Release|Any CPU
		{8C63053F-D664-4578-B8A2-95C885E58725}.AppStore|iPhone.ActiveCfg = Release|Any CPU
		{8C63053F-D664-4578-B8A2-95C885E58725}.AppStore|iPhone.Build.0 = Release|Any CPU
		{8C63053F-D664-4578-B8A2-95C885E58725}.AppStore|iPhoneSimulator.ActiveCfg = Release|Any CPU
		{8C63053F-D664-4578-B8A2-95C885E58725}.AppStore|iPhoneSimulator.Build.0 = Release|Any CPU
		{8C63053F-D664-4578-B8A2-95C885E58725}.Debug|Any CPU.ActiveCfg = Debug|Any CPU
		{8C63053F-D664-4578-B8A2-95C885E58725}.Debug|Any CPU.Build.0 = Debug|Any CPU
		{8C63053F-D664-4578-B8A2-95C885E58725}.Debug|iPhone.ActiveCfg = Debug|Any CPU
		{8C63053F-D664-4578-B8A2-95C885E58725}.Debug|iPhone.Build.0 = Debug|Any CPU
		{8C63053F-D664-4578-B8A2-95C885E58725}.Debug|iPhoneSimulator.ActiveCfg = Debug|Any CPU
		{8C63053F-D664-4578-B8A2-95C885E58725}.Debug|iPhoneSimulator.Build.0 = Debug|Any CPU
		{8C63053F-D664-4578-B8A2-95C885E58725}.Release|Any CPU.ActiveCfg = Release|Any CPU
		{8C63053F-D664-4578-B8A2-95C885E58725}.Release|Any CPU.Build.0 = Release|Any CPU
		{8C63053F-D664-4578-B8A2-95C885E58725}.Release|iPhone.ActiveCfg = Release|Any CPU
		{8C63053F-D664-4578-B8A2-95C885E58725}.Release|iPhone.Build.0 = Release|Any CPU
		{8C63053F-D664-4578-B8A2-95C885E58725}.Release|iPhoneSimulator.ActiveCfg = Release|Any CPU
		{8C63053F-D664-4578-B8A2-95C885E58725}.Release|iPhoneSimulator.Build.0 = Release|Any CPU
		{2111650B-797C-4D49-9542-0DF6370C9DE2}.Ad-Hoc|Any CPU.ActiveCfg = Release|Any CPU
		{2111650B-797C-4D49-9542-0DF6370C9DE2}.Ad-Hoc|Any CPU.Build.0 = Release|Any CPU
		{2111650B-797C-4D49-9542-0DF6370C9DE2}.Ad-Hoc|Any CPU.Deploy.0 = Release|Any CPU
		{2111650B-797C-4D49-9542-0DF6370C9DE2}.Ad-Hoc|iPhone.ActiveCfg = Release|Any CPU
		{2111650B-797C-4D49-9542-0DF6370C9DE2}.Ad-Hoc|iPhone.Build.0 = Release|Any CPU
		{2111650B-797C-4D49-9542-0DF6370C9DE2}.Ad-Hoc|iPhone.Deploy.0 = Release|Any CPU
		{2111650B-797C-4D49-9542-0DF6370C9DE2}.Ad-Hoc|iPhoneSimulator.ActiveCfg = Release|Any CPU
		{2111650B-797C-4D49-9542-0DF6370C9DE2}.Ad-Hoc|iPhoneSimulator.Build.0 = Release|Any CPU
		{2111650B-797C-4D49-9542-0DF6370C9DE2}.Ad-Hoc|iPhoneSimulator.Deploy.0 = Release|Any CPU
		{2111650B-797C-4D49-9542-0DF6370C9DE2}.AppStore|Any CPU.ActiveCfg = Release|Any CPU
		{2111650B-797C-4D49-9542-0DF6370C9DE2}.AppStore|Any CPU.Build.0 = Release|Any CPU
		{2111650B-797C-4D49-9542-0DF6370C9DE2}.AppStore|Any CPU.Deploy.0 = Release|Any CPU
		{2111650B-797C-4D49-9542-0DF6370C9DE2}.AppStore|iPhone.ActiveCfg = Release|Any CPU
		{2111650B-797C-4D49-9542-0DF6370C9DE2}.AppStore|iPhone.Build.0 = Release|Any CPU
		{2111650B-797C-4D49-9542-0DF6370C9DE2}.AppStore|iPhone.Deploy.0 = Release|Any CPU
		{2111650B-797C-4D49-9542-0DF6370C9DE2}.AppStore|iPhoneSimulator.ActiveCfg = Release|Any CPU
		{2111650B-797C-4D49-9542-0DF6370C9DE2}.AppStore|iPhoneSimulator.Build.0 = Release|Any CPU
		{2111650B-797C-4D49-9542-0DF6370C9DE2}.AppStore|iPhoneSimulator.Deploy.0 = Release|Any CPU
		{2111650B-797C-4D49-9542-0DF6370C9DE2}.Debug|Any CPU.ActiveCfg = Debug|Any CPU
		{2111650B-797C-4D49-9542-0DF6370C9DE2}.Debug|Any CPU.Build.0 = Debug|Any CPU
		{2111650B-797C-4D49-9542-0DF6370C9DE2}.Debug|Any CPU.Deploy.0 = Debug|Any CPU
		{2111650B-797C-4D49-9542-0DF6370C9DE2}.Debug|iPhone.ActiveCfg = Debug|Any CPU
		{2111650B-797C-4D49-9542-0DF6370C9DE2}.Debug|iPhone.Build.0 = Debug|Any CPU
		{2111650B-797C-4D49-9542-0DF6370C9DE2}.Debug|iPhone.Deploy.0 = Debug|Any CPU
		{2111650B-797C-4D49-9542-0DF6370C9DE2}.Debug|iPhoneSimulator.ActiveCfg = Debug|Any CPU
		{2111650B-797C-4D49-9542-0DF6370C9DE2}.Debug|iPhoneSimulator.Build.0 = Debug|Any CPU
		{2111650B-797C-4D49-9542-0DF6370C9DE2}.Debug|iPhoneSimulator.Deploy.0 = Debug|Any CPU
		{2111650B-797C-4D49-9542-0DF6370C9DE2}.Release|Any CPU.ActiveCfg = Release|Any CPU
		{2111650B-797C-4D49-9542-0DF6370C9DE2}.Release|Any CPU.Build.0 = Release|Any CPU
		{2111650B-797C-4D49-9542-0DF6370C9DE2}.Release|Any CPU.Deploy.0 = Release|Any CPU
		{2111650B-797C-4D49-9542-0DF6370C9DE2}.Release|iPhone.ActiveCfg = Release|Any CPU
		{2111650B-797C-4D49-9542-0DF6370C9DE2}.Release|iPhone.Build.0 = Release|Any CPU
		{2111650B-797C-4D49-9542-0DF6370C9DE2}.Release|iPhone.Deploy.0 = Release|Any CPU
		{2111650B-797C-4D49-9542-0DF6370C9DE2}.Release|iPhoneSimulator.ActiveCfg = Release|Any CPU
		{2111650B-797C-4D49-9542-0DF6370C9DE2}.Release|iPhoneSimulator.Build.0 = Release|Any CPU
		{2111650B-797C-4D49-9542-0DF6370C9DE2}.Release|iPhoneSimulator.Deploy.0 = Release|Any CPU
		{C560C9C8-7628-496F-8226-0E6B5C5EA307}.Ad-Hoc|Any CPU.ActiveCfg = Ad-Hoc|iPhone
		{C560C9C8-7628-496F-8226-0E6B5C5EA307}.Ad-Hoc|iPhone.ActiveCfg = Ad-Hoc|iPhone
		{C560C9C8-7628-496F-8226-0E6B5C5EA307}.Ad-Hoc|iPhone.Build.0 = Ad-Hoc|iPhone
		{C560C9C8-7628-496F-8226-0E6B5C5EA307}.Ad-Hoc|iPhoneSimulator.ActiveCfg = Ad-Hoc|iPhoneSimulator
		{C560C9C8-7628-496F-8226-0E6B5C5EA307}.Ad-Hoc|iPhoneSimulator.Build.0 = Ad-Hoc|iPhoneSimulator
		{C560C9C8-7628-496F-8226-0E6B5C5EA307}.AppStore|Any CPU.ActiveCfg = AppStore|iPhone
		{C560C9C8-7628-496F-8226-0E6B5C5EA307}.AppStore|iPhone.ActiveCfg = AppStore|iPhone
		{C560C9C8-7628-496F-8226-0E6B5C5EA307}.AppStore|iPhone.Build.0 = AppStore|iPhone
		{C560C9C8-7628-496F-8226-0E6B5C5EA307}.AppStore|iPhoneSimulator.ActiveCfg = AppStore|iPhoneSimulator
		{C560C9C8-7628-496F-8226-0E6B5C5EA307}.AppStore|iPhoneSimulator.Build.0 = AppStore|iPhoneSimulator
		{C560C9C8-7628-496F-8226-0E6B5C5EA307}.Debug|Any CPU.ActiveCfg = Debug|iPhone
		{C560C9C8-7628-496F-8226-0E6B5C5EA307}.Debug|iPhone.ActiveCfg = Debug|iPhone
		{C560C9C8-7628-496F-8226-0E6B5C5EA307}.Debug|iPhone.Build.0 = Debug|iPhone
		{C560C9C8-7628-496F-8226-0E6B5C5EA307}.Debug|iPhoneSimulator.ActiveCfg = Debug|iPhoneSimulator
		{C560C9C8-7628-496F-8226-0E6B5C5EA307}.Debug|iPhoneSimulator.Build.0 = Debug|iPhoneSimulator
		{C560C9C8-7628-496F-8226-0E6B5C5EA307}.Release|Any CPU.ActiveCfg = Release|iPhone
		{C560C9C8-7628-496F-8226-0E6B5C5EA307}.Release|iPhone.ActiveCfg = Release|iPhone
		{C560C9C8-7628-496F-8226-0E6B5C5EA307}.Release|iPhone.Build.0 = Release|iPhone
		{C560C9C8-7628-496F-8226-0E6B5C5EA307}.Release|iPhoneSimulator.ActiveCfg = Release|iPhoneSimulator
		{C560C9C8-7628-496F-8226-0E6B5C5EA307}.Release|iPhoneSimulator.Build.0 = Release|iPhoneSimulator
		{8698DF22-C3F2-46EE-86A7-7F9B801C4A08}.Ad-Hoc|Any CPU.ActiveCfg = Ad-Hoc|iPhone
		{8698DF22-C3F2-46EE-86A7-7F9B801C4A08}.Ad-Hoc|iPhone.ActiveCfg = Ad-Hoc|iPhone
		{8698DF22-C3F2-46EE-86A7-7F9B801C4A08}.Ad-Hoc|iPhone.Build.0 = Ad-Hoc|iPhone
		{8698DF22-C3F2-46EE-86A7-7F9B801C4A08}.Ad-Hoc|iPhoneSimulator.ActiveCfg = Ad-Hoc|iPhoneSimulator
		{8698DF22-C3F2-46EE-86A7-7F9B801C4A08}.Ad-Hoc|iPhoneSimulator.Build.0 = Ad-Hoc|iPhoneSimulator
		{8698DF22-C3F2-46EE-86A7-7F9B801C4A08}.AppStore|Any CPU.ActiveCfg = AppStore|iPhone
		{8698DF22-C3F2-46EE-86A7-7F9B801C4A08}.AppStore|iPhone.ActiveCfg = AppStore|iPhone
		{8698DF22-C3F2-46EE-86A7-7F9B801C4A08}.AppStore|iPhone.Build.0 = AppStore|iPhone
		{8698DF22-C3F2-46EE-86A7-7F9B801C4A08}.AppStore|iPhoneSimulator.ActiveCfg = AppStore|iPhoneSimulator
		{8698DF22-C3F2-46EE-86A7-7F9B801C4A08}.AppStore|iPhoneSimulator.Build.0 = AppStore|iPhoneSimulator
		{8698DF22-C3F2-46EE-86A7-7F9B801C4A08}.Debug|Any CPU.ActiveCfg = Debug|iPhone
		{8698DF22-C3F2-46EE-86A7-7F9B801C4A08}.Debug|iPhone.ActiveCfg = Debug|iPhone
		{8698DF22-C3F2-46EE-86A7-7F9B801C4A08}.Debug|iPhone.Build.0 = Debug|iPhone
		{8698DF22-C3F2-46EE-86A7-7F9B801C4A08}.Debug|iPhoneSimulator.ActiveCfg = Debug|iPhoneSimulator
		{8698DF22-C3F2-46EE-86A7-7F9B801C4A08}.Debug|iPhoneSimulator.Build.0 = Debug|iPhoneSimulator
		{8698DF22-C3F2-46EE-86A7-7F9B801C4A08}.Release|Any CPU.ActiveCfg = Release|iPhone
		{8698DF22-C3F2-46EE-86A7-7F9B801C4A08}.Release|iPhone.ActiveCfg = Release|iPhone
		{8698DF22-C3F2-46EE-86A7-7F9B801C4A08}.Release|iPhone.Build.0 = Release|iPhone
		{8698DF22-C3F2-46EE-86A7-7F9B801C4A08}.Release|iPhoneSimulator.ActiveCfg = Release|iPhoneSimulator
		{8698DF22-C3F2-46EE-86A7-7F9B801C4A08}.Release|iPhoneSimulator.Build.0 = Release|iPhoneSimulator
		{D3685387-04A5-43AD-B692-13CDF705AA25}.Ad-Hoc|Any CPU.ActiveCfg = Release|Any CPU
		{D3685387-04A5-43AD-B692-13CDF705AA25}.Ad-Hoc|Any CPU.Build.0 = Release|Any CPU
		{D3685387-04A5-43AD-B692-13CDF705AA25}.Ad-Hoc|Any CPU.Deploy.0 = Release|Any CPU
		{D3685387-04A5-43AD-B692-13CDF705AA25}.Ad-Hoc|iPhone.ActiveCfg = Release|Any CPU
		{D3685387-04A5-43AD-B692-13CDF705AA25}.Ad-Hoc|iPhone.Build.0 = Release|Any CPU
		{D3685387-04A5-43AD-B692-13CDF705AA25}.Ad-Hoc|iPhone.Deploy.0 = Release|Any CPU
		{D3685387-04A5-43AD-B692-13CDF705AA25}.Ad-Hoc|iPhoneSimulator.ActiveCfg = Release|Any CPU
		{D3685387-04A5-43AD-B692-13CDF705AA25}.Ad-Hoc|iPhoneSimulator.Build.0 = Release|Any CPU
		{D3685387-04A5-43AD-B692-13CDF705AA25}.Ad-Hoc|iPhoneSimulator.Deploy.0 = Release|Any CPU
		{D3685387-04A5-43AD-B692-13CDF705AA25}.AppStore|Any CPU.ActiveCfg = Release|Any CPU
		{D3685387-04A5-43AD-B692-13CDF705AA25}.AppStore|Any CPU.Build.0 = Release|Any CPU
		{D3685387-04A5-43AD-B692-13CDF705AA25}.AppStore|Any CPU.Deploy.0 = Release|Any CPU
		{D3685387-04A5-43AD-B692-13CDF705AA25}.AppStore|iPhone.ActiveCfg = Release|Any CPU
		{D3685387-04A5-43AD-B692-13CDF705AA25}.AppStore|iPhone.Build.0 = Release|Any CPU
		{D3685387-04A5-43AD-B692-13CDF705AA25}.AppStore|iPhone.Deploy.0 = Release|Any CPU
		{D3685387-04A5-43AD-B692-13CDF705AA25}.AppStore|iPhoneSimulator.ActiveCfg = Release|Any CPU
		{D3685387-04A5-43AD-B692-13CDF705AA25}.AppStore|iPhoneSimulator.Build.0 = Release|Any CPU
		{D3685387-04A5-43AD-B692-13CDF705AA25}.AppStore|iPhoneSimulator.Deploy.0 = Release|Any CPU
		{D3685387-04A5-43AD-B692-13CDF705AA25}.Debug|Any CPU.ActiveCfg = Debug|Any CPU
		{D3685387-04A5-43AD-B692-13CDF705AA25}.Debug|Any CPU.Build.0 = Debug|Any CPU
		{D3685387-04A5-43AD-B692-13CDF705AA25}.Debug|Any CPU.Deploy.0 = Debug|Any CPU
		{D3685387-04A5-43AD-B692-13CDF705AA25}.Debug|iPhone.ActiveCfg = Debug|Any CPU
		{D3685387-04A5-43AD-B692-13CDF705AA25}.Debug|iPhone.Build.0 = Debug|Any CPU
		{D3685387-04A5-43AD-B692-13CDF705AA25}.Debug|iPhone.Deploy.0 = Debug|Any CPU
		{D3685387-04A5-43AD-B692-13CDF705AA25}.Debug|iPhoneSimulator.ActiveCfg = Debug|Any CPU
		{D3685387-04A5-43AD-B692-13CDF705AA25}.Debug|iPhoneSimulator.Build.0 = Debug|Any CPU
		{D3685387-04A5-43AD-B692-13CDF705AA25}.Debug|iPhoneSimulator.Deploy.0 = Debug|Any CPU
		{D3685387-04A5-43AD-B692-13CDF705AA25}.Release|Any CPU.ActiveCfg = Release|Any CPU
		{D3685387-04A5-43AD-B692-13CDF705AA25}.Release|Any CPU.Build.0 = Release|Any CPU
		{D3685387-04A5-43AD-B692-13CDF705AA25}.Release|Any CPU.Deploy.0 = Release|Any CPU
		{D3685387-04A5-43AD-B692-13CDF705AA25}.Release|iPhone.ActiveCfg = Release|Any CPU
		{D3685387-04A5-43AD-B692-13CDF705AA25}.Release|iPhone.Build.0 = Release|Any CPU
		{D3685387-04A5-43AD-B692-13CDF705AA25}.Release|iPhone.Deploy.0 = Release|Any CPU
		{D3685387-04A5-43AD-B692-13CDF705AA25}.Release|iPhoneSimulator.ActiveCfg = Release|Any CPU
		{D3685387-04A5-43AD-B692-13CDF705AA25}.Release|iPhoneSimulator.Build.0 = Release|Any CPU
		{D3685387-04A5-43AD-B692-13CDF705AA25}.Release|iPhoneSimulator.Deploy.0 = Release|Any CPU
		{B0B9BB68-7B43-49DC-A5FD-69179A4ADB77}.Ad-Hoc|Any CPU.ActiveCfg = Release|Any CPU
		{B0B9BB68-7B43-49DC-A5FD-69179A4ADB77}.Ad-Hoc|Any CPU.Build.0 = Release|Any CPU
		{B0B9BB68-7B43-49DC-A5FD-69179A4ADB77}.Ad-Hoc|iPhone.ActiveCfg = Release|Any CPU
		{B0B9BB68-7B43-49DC-A5FD-69179A4ADB77}.Ad-Hoc|iPhone.Build.0 = Release|Any CPU
		{B0B9BB68-7B43-49DC-A5FD-69179A4ADB77}.Ad-Hoc|iPhoneSimulator.ActiveCfg = Release|Any CPU
		{B0B9BB68-7B43-49DC-A5FD-69179A4ADB77}.Ad-Hoc|iPhoneSimulator.Build.0 = Release|Any CPU
		{B0B9BB68-7B43-49DC-A5FD-69179A4ADB77}.AppStore|Any CPU.ActiveCfg = Release|Any CPU
		{B0B9BB68-7B43-49DC-A5FD-69179A4ADB77}.AppStore|Any CPU.Build.0 = Release|Any CPU
		{B0B9BB68-7B43-49DC-A5FD-69179A4ADB77}.AppStore|iPhone.ActiveCfg = Release|Any CPU
		{B0B9BB68-7B43-49DC-A5FD-69179A4ADB77}.AppStore|iPhone.Build.0 = Release|Any CPU
		{B0B9BB68-7B43-49DC-A5FD-69179A4ADB77}.AppStore|iPhoneSimulator.ActiveCfg = Release|Any CPU
		{B0B9BB68-7B43-49DC-A5FD-69179A4ADB77}.AppStore|iPhoneSimulator.Build.0 = Release|Any CPU
		{B0B9BB68-7B43-49DC-A5FD-69179A4ADB77}.Debug|Any CPU.ActiveCfg = Debug|Any CPU
		{B0B9BB68-7B43-49DC-A5FD-69179A4ADB77}.Debug|Any CPU.Build.0 = Debug|Any CPU
		{B0B9BB68-7B43-49DC-A5FD-69179A4ADB77}.Debug|iPhone.ActiveCfg = Debug|Any CPU
		{B0B9BB68-7B43-49DC-A5FD-69179A4ADB77}.Debug|iPhone.Build.0 = Debug|Any CPU
		{B0B9BB68-7B43-49DC-A5FD-69179A4ADB77}.Debug|iPhoneSimulator.ActiveCfg = Debug|Any CPU
		{B0B9BB68-7B43-49DC-A5FD-69179A4ADB77}.Debug|iPhoneSimulator.Build.0 = Debug|Any CPU
		{B0B9BB68-7B43-49DC-A5FD-69179A4ADB77}.Release|Any CPU.ActiveCfg = Release|Any CPU
		{B0B9BB68-7B43-49DC-A5FD-69179A4ADB77}.Release|Any CPU.Build.0 = Release|Any CPU
		{B0B9BB68-7B43-49DC-A5FD-69179A4ADB77}.Release|iPhone.ActiveCfg = Release|Any CPU
		{B0B9BB68-7B43-49DC-A5FD-69179A4ADB77}.Release|iPhone.Build.0 = Release|Any CPU
		{B0B9BB68-7B43-49DC-A5FD-69179A4ADB77}.Release|iPhoneSimulator.ActiveCfg = Release|Any CPU
		{B0B9BB68-7B43-49DC-A5FD-69179A4ADB77}.Release|iPhoneSimulator.Build.0 = Release|Any CPU
		{CD401694-5A2D-457D-99AD-A7CE0CBB739D}.Ad-Hoc|Any CPU.ActiveCfg = Release|Any CPU
		{CD401694-5A2D-457D-99AD-A7CE0CBB739D}.Ad-Hoc|Any CPU.Build.0 = Release|Any CPU
		{CD401694-5A2D-457D-99AD-A7CE0CBB739D}.Ad-Hoc|iPhone.ActiveCfg = Release|Any CPU
		{CD401694-5A2D-457D-99AD-A7CE0CBB739D}.Ad-Hoc|iPhone.Build.0 = Release|Any CPU
		{CD401694-5A2D-457D-99AD-A7CE0CBB739D}.Ad-Hoc|iPhoneSimulator.ActiveCfg = Release|Any CPU
		{CD401694-5A2D-457D-99AD-A7CE0CBB739D}.Ad-Hoc|iPhoneSimulator.Build.0 = Release|Any CPU
		{CD401694-5A2D-457D-99AD-A7CE0CBB739D}.AppStore|Any CPU.ActiveCfg = Release|Any CPU
		{CD401694-5A2D-457D-99AD-A7CE0CBB739D}.AppStore|Any CPU.Build.0 = Release|Any CPU
		{CD401694-5A2D-457D-99AD-A7CE0CBB739D}.AppStore|iPhone.ActiveCfg = Release|Any CPU
		{CD401694-5A2D-457D-99AD-A7CE0CBB739D}.AppStore|iPhone.Build.0 = Release|Any CPU
		{CD401694-5A2D-457D-99AD-A7CE0CBB739D}.AppStore|iPhoneSimulator.ActiveCfg = Release|Any CPU
		{CD401694-5A2D-457D-99AD-A7CE0CBB739D}.AppStore|iPhoneSimulator.Build.0 = Release|Any CPU
		{CD401694-5A2D-457D-99AD-A7CE0CBB739D}.Debug|Any CPU.ActiveCfg = Debug|Any CPU
		{CD401694-5A2D-457D-99AD-A7CE0CBB739D}.Debug|iPhone.ActiveCfg = Debug|Any CPU
		{CD401694-5A2D-457D-99AD-A7CE0CBB739D}.Debug|iPhone.Build.0 = Debug|Any CPU
		{CD401694-5A2D-457D-99AD-A7CE0CBB739D}.Debug|iPhoneSimulator.ActiveCfg = Debug|Any CPU
		{CD401694-5A2D-457D-99AD-A7CE0CBB739D}.Debug|iPhoneSimulator.Build.0 = Debug|Any CPU
		{CD401694-5A2D-457D-99AD-A7CE0CBB739D}.Release|Any CPU.ActiveCfg = Release|Any CPU
		{CD401694-5A2D-457D-99AD-A7CE0CBB739D}.Release|Any CPU.Build.0 = Release|Any CPU
		{CD401694-5A2D-457D-99AD-A7CE0CBB739D}.Release|iPhone.ActiveCfg = Release|Any CPU
		{CD401694-5A2D-457D-99AD-A7CE0CBB739D}.Release|iPhone.Build.0 = Release|Any CPU
		{CD401694-5A2D-457D-99AD-A7CE0CBB739D}.Release|iPhoneSimulator.ActiveCfg = Release|Any CPU
		{CD401694-5A2D-457D-99AD-A7CE0CBB739D}.Release|iPhoneSimulator.Build.0 = Release|Any CPU
		{5107A9BF-C2E5-417B-99CA-CBAFECADE323}.Ad-Hoc|Any CPU.ActiveCfg = Release|Any CPU
		{5107A9BF-C2E5-417B-99CA-CBAFECADE323}.Ad-Hoc|Any CPU.Build.0 = Release|Any CPU
		{5107A9BF-C2E5-417B-99CA-CBAFECADE323}.Ad-Hoc|iPhone.ActiveCfg = Release|Any CPU
		{5107A9BF-C2E5-417B-99CA-CBAFECADE323}.Ad-Hoc|iPhone.Build.0 = Release|Any CPU
		{5107A9BF-C2E5-417B-99CA-CBAFECADE323}.Ad-Hoc|iPhoneSimulator.ActiveCfg = Release|Any CPU
		{5107A9BF-C2E5-417B-99CA-CBAFECADE323}.Ad-Hoc|iPhoneSimulator.Build.0 = Release|Any CPU
		{5107A9BF-C2E5-417B-99CA-CBAFECADE323}.AppStore|Any CPU.ActiveCfg = Release|Any CPU
		{5107A9BF-C2E5-417B-99CA-CBAFECADE323}.AppStore|Any CPU.Build.0 = Release|Any CPU
		{5107A9BF-C2E5-417B-99CA-CBAFECADE323}.AppStore|iPhone.ActiveCfg = Release|Any CPU
		{5107A9BF-C2E5-417B-99CA-CBAFECADE323}.AppStore|iPhone.Build.0 = Release|Any CPU
		{5107A9BF-C2E5-417B-99CA-CBAFECADE323}.AppStore|iPhoneSimulator.ActiveCfg = Release|Any CPU
		{5107A9BF-C2E5-417B-99CA-CBAFECADE323}.AppStore|iPhoneSimulator.Build.0 = Release|Any CPU
		{5107A9BF-C2E5-417B-99CA-CBAFECADE323}.Debug|Any CPU.ActiveCfg = Debug|Any CPU
		{5107A9BF-C2E5-417B-99CA-CBAFECADE323}.Debug|Any CPU.Build.0 = Debug|Any CPU
		{5107A9BF-C2E5-417B-99CA-CBAFECADE323}.Debug|iPhone.ActiveCfg = Debug|Any CPU
		{5107A9BF-C2E5-417B-99CA-CBAFECADE323}.Debug|iPhone.Build.0 = Debug|Any CPU
		{5107A9BF-C2E5-417B-99CA-CBAFECADE323}.Debug|iPhoneSimulator.ActiveCfg = Debug|Any CPU
		{5107A9BF-C2E5-417B-99CA-CBAFECADE323}.Debug|iPhoneSimulator.Build.0 = Debug|Any CPU
		{5107A9BF-C2E5-417B-99CA-CBAFECADE323}.Release|Any CPU.ActiveCfg = Release|Any CPU
		{5107A9BF-C2E5-417B-99CA-CBAFECADE323}.Release|Any CPU.Build.0 = Release|Any CPU
		{5107A9BF-C2E5-417B-99CA-CBAFECADE323}.Release|iPhone.ActiveCfg = Release|Any CPU
		{5107A9BF-C2E5-417B-99CA-CBAFECADE323}.Release|iPhone.Build.0 = Release|Any CPU
		{5107A9BF-C2E5-417B-99CA-CBAFECADE323}.Release|iPhoneSimulator.ActiveCfg = Release|Any CPU
		{5107A9BF-C2E5-417B-99CA-CBAFECADE323}.Release|iPhoneSimulator.Build.0 = Release|Any CPU
	EndGlobalSection
	GlobalSection(SolutionProperties) = preSolution
		HideSolutionNode = FALSE
	EndGlobalSection
	GlobalSection(NestedProjects) = preSolution
		{8C63053F-D664-4578-B8A2-95C885E58725} = {91CD889C-DACC-44FF-93B1-DD0011933689}
		{2111650B-797C-4D49-9542-0DF6370C9DE2} = {710678C7-9B52-4FDE-83DF-DD43783EB090}
		{C560C9C8-7628-496F-8226-0E6B5C5EA307} = {710678C7-9B52-4FDE-83DF-DD43783EB090}
		{8698DF22-C3F2-46EE-86A7-7F9B801C4A08} = {48812784-D7BC-4F2B-925B-85946476F2C7}
		{D3685387-04A5-43AD-B692-13CDF705AA25} = {48812784-D7BC-4F2B-925B-85946476F2C7}
		{B0B9BB68-7B43-49DC-A5FD-69179A4ADB77} = {8F454B45-DA1E-4D11-ACDF-487560F5F218}
		{CD401694-5A2D-457D-99AD-A7CE0CBB739D} = {8F454B45-DA1E-4D11-ACDF-487560F5F218}
		{5107A9BF-C2E5-417B-99CA-CBAFECADE323} = {401DF19B-BF28-41C2-9704-E4089D390C2E}
	EndGlobalSection
EndGlobal
